// !$*UTF8*$!
{
	archiveVersion = 1;
	classes = {
	};
	objectVersion = 46;
	objects = {

/* Begin PBXBuildFile section */
		391CDC92D6F4B3ECFA3A2183 /* Pods_TestDemo.framework in Frameworks */ = {isa = PBXBuildFile; fileRef = 5FAE56071F9D86C8898642B8 /* Pods_TestDemo.framework */; };
		AA1DE3161DE3E03600E30EA8 /* TestTableViewController.swift in Sources */ = {isa = PBXBuildFile; fileRef = AA1DE3151DE3E03600E30EA8 /* TestTableViewController.swift */; };
		AA1DE3181DE3E20400E30EA8 /* UserInfo.swift in Sources */ = {isa = PBXBuildFile; fileRef = AA1DE3171DE3E20400E30EA8 /* UserInfo.swift */; };
		AA1DE31A1DE3E25B00E30EA8 /* ViewModel.swift in Sources */ = {isa = PBXBuildFile; fileRef = AA1DE3191DE3E25B00E30EA8 /* ViewModel.swift */; };
		AA1DE31C1DE3E58000E30EA8 /* TableViewCell.swift in Sources */ = {isa = PBXBuildFile; fileRef = AA1DE31B1DE3E58000E30EA8 /* TableViewCell.swift */; };
		AA1DE31E1DE5255700E30EA8 /* TestControlViewController.swift in Sources */ = {isa = PBXBuildFile; fileRef = AA1DE31D1DE5255700E30EA8 /* TestControlViewController.swift */; };
		AA1DE3211DE587DA00E30EA8 /* SearchGitViewController.swift in Sources */ = {isa = PBXBuildFile; fileRef = AA1DE3201DE587DA00E30EA8 /* SearchGitViewController.swift */; };
		AA1DE3231DE58C1C00E30EA8 /* GithubSearchAPI.swift in Sources */ = {isa = PBXBuildFile; fileRef = AA1DE3221DE58C1C00E30EA8 /* GithubSearchAPI.swift */; };
		AA6E31A61DD472B200F8DEF2 /* AppDelegate.swift in Sources */ = {isa = PBXBuildFile; fileRef = AA6E31A51DD472B200F8DEF2 /* AppDelegate.swift */; };
		AA6E31A81DD472B200F8DEF2 /* ViewController.swift in Sources */ = {isa = PBXBuildFile; fileRef = AA6E31A71DD472B200F8DEF2 /* ViewController.swift */; };
		AA6E31AB1DD472B200F8DEF2 /* Main.storyboard in Resources */ = {isa = PBXBuildFile; fileRef = AA6E31A91DD472B200F8DEF2 /* Main.storyboard */; };
		AA6E31AD1DD472B200F8DEF2 /* Assets.xcassets in Resources */ = {isa = PBXBuildFile; fileRef = AA6E31AC1DD472B200F8DEF2 /* Assets.xcassets */; };
		AA6E31B01DD472B200F8DEF2 /* LaunchScreen.storyboard in Resources */ = {isa = PBXBuildFile; fileRef = AA6E31AE1DD472B200F8DEF2 /* LaunchScreen.storyboard */; };
/* End PBXBuildFile section */

/* Begin PBXFileReference section */
		100EC3AEBD0D84677BD8C59F /* Pods-TestDemo.debug.xcconfig */ = {isa = PBXFileReference; includeInIndex = 1; lastKnownFileType = text.xcconfig; name = "Pods-TestDemo.debug.xcconfig"; path = "Pods/Target Support Files/Pods-TestDemo/Pods-TestDemo.debug.xcconfig"; sourceTree = "<group>"; };
		5FAE56071F9D86C8898642B8 /* Pods_TestDemo.framework */ = {isa = PBXFileReference; explicitFileType = wrapper.framework; includeInIndex = 0; path = Pods_TestDemo.framework; sourceTree = BUILT_PRODUCTS_DIR; };
		AA1DE3151DE3E03600E30EA8 /* TestTableViewController.swift */ = {isa = PBXFileReference; fileEncoding = 4; lastKnownFileType = sourcecode.swift; path = TestTableViewController.swift; sourceTree = "<group>"; };
		AA1DE3171DE3E20400E30EA8 /* UserInfo.swift */ = {isa = PBXFileReference; fileEncoding = 4; lastKnownFileType = sourcecode.swift; path = UserInfo.swift; sourceTree = "<group>"; };
		AA1DE3191DE3E25B00E30EA8 /* ViewModel.swift */ = {isa = PBXFileReference; fileEncoding = 4; lastKnownFileType = sourcecode.swift; path = ViewModel.swift; sourceTree = "<group>"; };
		AA1DE31B1DE3E58000E30EA8 /* TableViewCell.swift */ = {isa = PBXFileReference; fileEncoding = 4; lastKnownFileType = sourcecode.swift; path = TableViewCell.swift; sourceTree = "<group>"; };
		AA1DE31D1DE5255700E30EA8 /* TestControlViewController.swift */ = {isa = PBXFileReference; fileEncoding = 4; lastKnownFileType = sourcecode.swift; path = TestControlViewController.swift; sourceTree = "<group>"; };
		AA1DE3201DE587DA00E30EA8 /* SearchGitViewController.swift */ = {isa = PBXFileReference; fileEncoding = 4; lastKnownFileType = sourcecode.swift; path = SearchGitViewController.swift; sourceTree = "<group>"; };
		AA1DE3221DE58C1C00E30EA8 /* GithubSearchAPI.swift */ = {isa = PBXFileReference; fileEncoding = 4; lastKnownFileType = sourcecode.swift; path = GithubSearchAPI.swift; sourceTree = "<group>"; };
		AA6E31A21DD472B200F8DEF2 /* TestDemo.app */ = {isa = PBXFileReference; explicitFileType = wrapper.application; includeInIndex = 0; path = TestDemo.app; sourceTree = BUILT_PRODUCTS_DIR; };
		AA6E31A51DD472B200F8DEF2 /* AppDelegate.swift */ = {isa = PBXFileReference; lastKnownFileType = sourcecode.swift; path = AppDelegate.swift; sourceTree = "<group>"; };
		AA6E31A71DD472B200F8DEF2 /* ViewController.swift */ = {isa = PBXFileReference; lastKnownFileType = sourcecode.swift; path = ViewController.swift; sourceTree = "<group>"; };
		AA6E31AA1DD472B200F8DEF2 /* Base */ = {isa = PBXFileReference; lastKnownFileType = file.storyboard; name = Base; path = Base.lproj/Main.storyboard; sourceTree = "<group>"; };
		AA6E31AC1DD472B200F8DEF2 /* Assets.xcassets */ = {isa = PBXFileReference; lastKnownFileType = folder.assetcatalog; path = Assets.xcassets; sourceTree = "<group>"; };
		AA6E31AF1DD472B200F8DEF2 /* Base */ = {isa = PBXFileReference; lastKnownFileType = file.storyboard; name = Base; path = Base.lproj/LaunchScreen.storyboard; sourceTree = "<group>"; };
		AA6E31B11DD472B200F8DEF2 /* Info.plist */ = {isa = PBXFileReference; lastKnownFileType = text.plist.xml; path = Info.plist; sourceTree = "<group>"; };
		F9A1B9148F1B7FD9097CBB1E /* Pods-TestDemo.release.xcconfig */ = {isa = PBXFileReference; includeInIndex = 1; lastKnownFileType = text.xcconfig; name = "Pods-TestDemo.release.xcconfig"; path = "Pods/Target Support Files/Pods-TestDemo/Pods-TestDemo.release.xcconfig"; sourceTree = "<group>"; };
/* End PBXFileReference section */

/* Begin PBXFrameworksBuildPhase section */
		AA6E319F1DD472B200F8DEF2 /* Frameworks */ = {
			isa = PBXFrameworksBuildPhase;
			buildActionMask = 2147483647;
			files = (
				391CDC92D6F4B3ECFA3A2183 /* Pods_TestDemo.framework in Frameworks */,
			);
			runOnlyForDeploymentPostprocessing = 0;
		};
/* End PBXFrameworksBuildPhase section */

/* Begin PBXGroup section */
		11BB54DDD4F2A745B2B49E57 /* Pods */ = {
			isa = PBXGroup;
			children = (
				100EC3AEBD0D84677BD8C59F /* Pods-TestDemo.debug.xcconfig */,
				F9A1B9148F1B7FD9097CBB1E /* Pods-TestDemo.release.xcconfig */,
			);
			name = Pods;
			sourceTree = "<group>";
		};
		71F882FE9AE02981921D8907 /* Frameworks */ = {
			isa = PBXGroup;
			children = (
				5FAE56071F9D86C8898642B8 /* Pods_TestDemo.framework */,
			);
			name = Frameworks;
			sourceTree = "<group>";
		};
		AA1DE31F1DE587C100E30EA8 /* Search */ = {
			isa = PBXGroup;
			children = (
				AA1DE3201DE587DA00E30EA8 /* SearchGitViewController.swift */,
				AA1DE3221DE58C1C00E30EA8 /* GithubSearchAPI.swift */,
			);
			path = Search;
			sourceTree = "<group>";
		};
		AA6E31991DD472B200F8DEF2 = {
			isa = PBXGroup;
			children = (
				AA6E31A41DD472B200F8DEF2 /* TestDemo */,
				AA6E31A31DD472B200F8DEF2 /* Products */,
				11BB54DDD4F2A745B2B49E57 /* Pods */,
				71F882FE9AE02981921D8907 /* Frameworks */,
			);
			sourceTree = "<group>";
		};
		AA6E31A31DD472B200F8DEF2 /* Products */ = {
			isa = PBXGroup;
			children = (
				AA6E31A21DD472B200F8DEF2 /* TestDemo.app */,
			);
			name = Products;
			sourceTree = "<group>";
		};
		AA6E31A41DD472B200F8DEF2 /* TestDemo */ = {
			isa = PBXGroup;
			children = (
				AA1DE31F1DE587C100E30EA8 /* Search */,
				AA6E31A51DD472B200F8DEF2 /* AppDelegate.swift */,
				AA1DE3171DE3E20400E30EA8 /* UserInfo.swift */,
				AA1DE3191DE3E25B00E30EA8 /* ViewModel.swift */,
				AA1DE31B1DE3E58000E30EA8 /* TableViewCell.swift */,
				AA6E31A71DD472B200F8DEF2 /* ViewController.swift */,
				AA1DE3151DE3E03600E30EA8 /* TestTableViewController.swift */,
				AA1DE31D1DE5255700E30EA8 /* TestControlViewController.swift */,
				AA6E31A91DD472B200F8DEF2 /* Main.storyboard */,
				AA6E31AC1DD472B200F8DEF2 /* Assets.xcassets */,
				AA6E31AE1DD472B200F8DEF2 /* LaunchScreen.storyboard */,
				AA6E31B11DD472B200F8DEF2 /* Info.plist */,
			);
			path = TestDemo;
			sourceTree = "<group>";
		};
/* End PBXGroup section */

/* Begin PBXNativeTarget section */
		AA6E31A11DD472B200F8DEF2 /* TestDemo */ = {
			isa = PBXNativeTarget;
			buildConfigurationList = AA6E31B41DD472B200F8DEF2 /* Build configuration list for PBXNativeTarget "TestDemo" */;
			buildPhases = (
				6FB3B69D8968611CAF6D9F79 /* [CP] Check Pods Manifest.lock */,
				AA6E319E1DD472B200F8DEF2 /* Sources */,
				AA6E319F1DD472B200F8DEF2 /* Frameworks */,
				AA6E31A01DD472B200F8DEF2 /* Resources */,
				49D6F803CB813630EBC4E9D2 /* [CP] Embed Pods Frameworks */,
				460FFF0F6A82971616B32A99 /* [CP] Copy Pods Resources */,
			);
			buildRules = (
			);
			dependencies = (
			);
			name = TestDemo;
			productName = TestDemo;
			productReference = AA6E31A21DD472B200F8DEF2 /* TestDemo.app */;
			productType = "com.apple.product-type.application";
		};
/* End PBXNativeTarget section */

/* Begin PBXProject section */
		AA6E319A1DD472B200F8DEF2 /* Project object */ = {
			isa = PBXProject;
			attributes = {
				LastSwiftUpdateCheck = 0810;
				LastUpgradeCheck = 0810;
				ORGANIZATIONNAME = com;
				TargetAttributes = {
					AA6E31A11DD472B200F8DEF2 = {
						CreatedOnToolsVersion = 8.1;
						DevelopmentTeam = MY2CY9936K;
						LastSwiftMigration = 0810;
						ProvisioningStyle = Automatic;
					};
				};
			};
			buildConfigurationList = AA6E319D1DD472B200F8DEF2 /* Build configuration list for PBXProject "TestDemo" */;
			compatibilityVersion = "Xcode 3.2";
			developmentRegion = English;
			hasScannedForEncodings = 0;
			knownRegions = (
				en,
				Base,
			);
			mainGroup = AA6E31991DD472B200F8DEF2;
			productRefGroup = AA6E31A31DD472B200F8DEF2 /* Products */;
			projectDirPath = "";
			projectRoot = "";
			targets = (
				AA6E31A11DD472B200F8DEF2 /* TestDemo */,
			);
		};
/* End PBXProject section */

/* Begin PBXResourcesBuildPhase section */
		AA6E31A01DD472B200F8DEF2 /* Resources */ = {
			isa = PBXResourcesBuildPhase;
			buildActionMask = 2147483647;
			files = (
				AA6E31B01DD472B200F8DEF2 /* LaunchScreen.storyboard in Resources */,
				AA6E31AD1DD472B200F8DEF2 /* Assets.xcassets in Resources */,
				AA6E31AB1DD472B200F8DEF2 /* Main.storyboard in Resources */,
			);
			runOnlyForDeploymentPostprocessing = 0;
		};
/* End PBXResourcesBuildPhase section */

/* Begin PBXShellScriptBuildPhase section */
		460FFF0F6A82971616B32A99 /* [CP] Copy Pods Resources */ = {
			isa = PBXShellScriptBuildPhase;
			buildActionMask = 2147483647;
			files = (
			);
			inputPaths = (
			);
			name = "[CP] Copy Pods Resources";
			outputPaths = (
			);
			runOnlyForDeploymentPostprocessing = 0;
			shellPath = /bin/sh;
			shellScript = "\"${SRCROOT}/Pods/Target Support Files/Pods-TestDemo/Pods-TestDemo-resources.sh\"\n";
			showEnvVarsInLog = 0;
		};
		49D6F803CB813630EBC4E9D2 /* [CP] Embed Pods Frameworks */ = {
			isa = PBXShellScriptBuildPhase;
			buildActionMask = 2147483647;
			files = (
			);
			inputPaths = (
			);
			name = "[CP] Embed Pods Frameworks";
			outputPaths = (
			);
			runOnlyForDeploymentPostprocessing = 0;
			shellPath = /bin/sh;
			shellScript = "\"${SRCROOT}/Pods/Target Support Files/Pods-TestDemo/Pods-TestDemo-frameworks.sh\"\n";
			showEnvVarsInLog = 0;
		};
		6FB3B69D8968611CAF6D9F79 /* [CP] Check Pods Manifest.lock */ = {
			isa = PBXShellScriptBuildPhase;
			buildActionMask = 2147483647;
			files = (
			);
			inputPaths = (
			);
			name = "[CP] Check Pods Manifest.lock";
			outputPaths = (
			);
			runOnlyForDeploymentPostprocessing = 0;
			shellPath = /bin/sh;
			shellScript = "diff \"${PODS_ROOT}/../Podfile.lock\" \"${PODS_ROOT}/Manifest.lock\" > /dev/null\nif [ $? != 0 ] ; then\n    # print error to STDERR\n    echo \"error: The sandbox is not in sync with the Podfile.lock. Run 'pod install' or update your CocoaPods installation.\" >&2\n    exit 1\nfi\n";
			showEnvVarsInLog = 0;
		};
/* End PBXShellScriptBuildPhase section */

/* Begin PBXSourcesBuildPhase section */
		AA6E319E1DD472B200F8DEF2 /* Sources */ = {
			isa = PBXSourcesBuildPhase;
			buildActionMask = 2147483647;
			files = (
				AA1DE31A1DE3E25B00E30EA8 /* ViewModel.swift in Sources */,
				AA1DE3231DE58C1C00E30EA8 /* GithubSearchAPI.swift in Sources */,
				AA1DE3211DE587DA00E30EA8 /* SearchGitViewController.swift in Sources */,
				AA1DE3181DE3E20400E30EA8 /* UserInfo.swift in Sources */,
				AA6E31A81DD472B200F8DEF2 /* ViewController.swift in Sources */,
				AA1DE31E1DE5255700E30EA8 /* TestControlViewController.swift in Sources */,
				AA1DE31C1DE3E58000E30EA8 /* TableViewCell.swift in Sources */,
				AA6E31A61DD472B200F8DEF2 /* AppDelegate.swift in Sources */,
				AA1DE3161DE3E03600E30EA8 /* TestTableViewController.swift in Sources */,
			);
			runOnlyForDeploymentPostprocessing = 0;
		};
/* End PBXSourcesBuildPhase section */

/* Begin PBXVariantGroup section */
		AA6E31A91DD472B200F8DEF2 /* Main.storyboard */ = {
			isa = PBXVariantGroup;
			children = (
				AA6E31AA1DD472B200F8DEF2 /* Base */,
			);
			name = Main.storyboard;
			sourceTree = "<group>";
		};
		AA6E31AE1DD472B200F8DEF2 /* LaunchScreen.storyboard */ = {
			isa = PBXVariantGroup;
			children = (
				AA6E31AF1DD472B200F8DEF2 /* Base */,
			);
			name = LaunchScreen.storyboard;
			sourceTree = "<group>";
		};
/* End PBXVariantGroup section */

/* Begin XCBuildConfiguration section */
		AA6E31B21DD472B200F8DEF2 /* Debug */ = {
			isa = XCBuildConfiguration;
			buildSettings = {
				ALWAYS_SEARCH_USER_PATHS = NO;
				CLANG_ANALYZER_NONNULL = YES;
				CLANG_CXX_LANGUAGE_STANDARD = "gnu++0x";
				CLANG_CXX_LIBRARY = "libc++";
				CLANG_ENABLE_MODULES = YES;
				CLANG_ENABLE_OBJC_ARC = YES;
				CLANG_WARN_BOOL_CONVERSION = YES;
				CLANG_WARN_CONSTANT_CONVERSION = YES;
				CLANG_WARN_DIRECT_OBJC_ISA_USAGE = YES_ERROR;
				CLANG_WARN_DOCUMENTATION_COMMENTS = YES;
				CLANG_WARN_EMPTY_BODY = YES;
				CLANG_WARN_ENUM_CONVERSION = YES;
				CLANG_WARN_INFINITE_RECURSION = YES;
				CLANG_WARN_INT_CONVERSION = YES;
				CLANG_WARN_OBJC_ROOT_CLASS = YES_ERROR;
				CLANG_WARN_SUSPICIOUS_MOVES = YES;
				CLANG_WARN_UNREACHABLE_CODE = YES;
				CLANG_WARN__DUPLICATE_METHOD_MATCH = YES;
				"CODE_SIGN_IDENTITY[sdk=iphoneos*]" = "iPhone Developer";
				COPY_PHASE_STRIP = NO;
				DEBUG_INFORMATION_FORMAT = dwarf;
				ENABLE_STRICT_OBJC_MSGSEND = YES;
				ENABLE_TESTABILITY = YES;
				GCC_C_LANGUAGE_STANDARD = gnu99;
				GCC_DYNAMIC_NO_PIC = NO;
				GCC_NO_COMMON_BLOCKS = YES;
				GCC_OPTIMIZATION_LEVEL = 0;
				GCC_PREPROCESSOR_DEFINITIONS = (
					"DEBUG=1",
					"$(inherited)",
				);
				GCC_WARN_64_TO_32_BIT_CONVERSION = YES;
				GCC_WARN_ABOUT_RETURN_TYPE = YES_ERROR;
				GCC_WARN_UNDECLARED_SELECTOR = YES;
				GCC_WARN_UNINITIALIZED_AUTOS = YES_AGGRESSIVE;
				GCC_WARN_UNUSED_FUNCTION = YES;
				GCC_WARN_UNUSED_VARIABLE = YES;
				IPHONEOS_DEPLOYMENT_TARGET = 10.1;
				MTL_ENABLE_DEBUG_INFO = YES;
				ONLY_ACTIVE_ARCH = YES;
				SDKROOT = iphoneos;
				SWIFT_ACTIVE_COMPILATION_CONDITIONS = DEBUG;
				SWIFT_OPTIMIZATION_LEVEL = "-Onone";
			};
			name = Debug;
		};
		AA6E31B31DD472B200F8DEF2 /* Release */ = {
			isa = XCBuildConfiguration;
			buildSettings = {
				ALWAYS_SEARCH_USER_PATHS = NO;
				CLANG_ANALYZER_NONNULL = YES;
				CLANG_CXX_LANGUAGE_STANDARD = "gnu++0x";
				CLANG_CXX_LIBRARY = "libc++";
				CLANG_ENABLE_MODULES = YES;
				CLANG_ENABLE_OBJC_ARC = YES;
				CLANG_WARN_BOOL_CONVERSION = YES;
				CLANG_WARN_CONSTANT_CONVERSION = YES;
				CLANG_WARN_DIRECT_OBJC_ISA_USAGE = YES_ERROR;
				CLANG_WARN_DOCUMENTATION_COMMENTS = YES;
				CLANG_WARN_EMPTY_BODY = YES;
				CLANG_WARN_ENUM_CONVERSION = YES;
				CLANG_WARN_INFINITE_RECURSION = YES;
				CLANG_WARN_INT_CONVERSION = YES;
				CLANG_WARN_OBJC_ROOT_CLASS = YES_ERROR;
				CLANG_WARN_SUSPICIOUS_MOVES = YES;
				CLANG_WARN_UNREACHABLE_CODE = YES;
				CLANG_WARN__DUPLICATE_METHOD_MATCH = YES;
				"CODE_SIGN_IDENTITY[sdk=iphoneos*]" = "iPhone Developer";
				COPY_PHASE_STRIP = NO;
				DEBUG_INFORMATION_FORMAT = "dwarf-with-dsym";
				ENABLE_NS_ASSERTIONS = NO;
				ENABLE_STRICT_OBJC_MSGSEND = YES;
				GCC_C_LANGUAGE_STANDARD = gnu99;
				GCC_NO_COMMON_BLOCKS = YES;
				GCC_WARN_64_TO_32_BIT_CONVERSION = YES;
				GCC_WARN_ABOUT_RETURN_TYPE = YES_ERROR;
				GCC_WARN_UNDECLARED_SELECTOR = YES;
				GCC_WARN_UNINITIALIZED_AUTOS = YES_AGGRESSIVE;
				GCC_WARN_UNUSED_FUNCTION = YES;
				GCC_WARN_UNUSED_VARIABLE = YES;
				IPHONEOS_DEPLOYMENT_TARGET = 10.1;
				MTL_ENABLE_DEBUG_INFO = NO;
				SDKROOT = iphoneos;
				SWIFT_OPTIMIZATION_LEVEL = "-Owholemodule";
				VALIDATE_PRODUCT = YES;
			};
			name = Release;
		};
		AA6E31B51DD472B200F8DEF2 /* Debug */ = {
			isa = XCBuildConfiguration;
			baseConfigurationReference = 100EC3AEBD0D84677BD8C59F /* Pods-TestDemo.debug.xcconfig */;
			buildSettings = {
				ASSETCATALOG_COMPILER_APPICON_NAME = AppIcon;
				CLANG_ENABLE_MODULES = YES;
				DEVELOPMENT_TEAM = MY2CY9936K;
				FRAMEWORK_SEARCH_PATHS = (
					"$(inherited)",
					"$(PROJECT_DIR)/TestDemo",
				);
				INFOPLIST_FILE = TestDemo/Info.plist;
				IPHONEOS_DEPLOYMENT_TARGET = 9.0;
				LD_RUNPATH_SEARCH_PATHS = "$(inherited) @executable_path/Frameworks";
				PRODUCT_BUNDLE_IDENTIFIER = Pingan.TestDemo;
				PRODUCT_NAME = "$(TARGET_NAME)";
				SWIFT_OPTIMIZATION_LEVEL = "-Onone";
				SWIFT_VERSION = 3.0;
			};
			name = Debug;
		};
		AA6E31B61DD472B200F8DEF2 /* Release */ = {
			isa = XCBuildConfiguration;
			baseConfigurationReference = F9A1B9148F1B7FD9097CBB1E /* Pods-TestDemo.release.xcconfig */;
			buildSettings = {
				ASSETCATALOG_COMPILER_APPICON_NAME = AppIcon;
				CLANG_ENABLE_MODULES = YES;
				DEVELOPMENT_TEAM = MY2CY9936K;
				FRAMEWORK_SEARCH_PATHS = (
					"$(inherited)",
					"$(PROJECT_DIR)/TestDemo",
				);
				INFOPLIST_FILE = TestDemo/Info.plist;
				IPHONEOS_DEPLOYMENT_TARGET = 9.0;
				LD_RUNPATH_SEARCH_PATHS = "$(inherited) @executable_path/Frameworks";
				PRODUCT_BUNDLE_IDENTIFIER = Pingan.TestDemo;
				PRODUCT_NAME = "$(TARGET_NAME)";
				SWIFT_VERSION = 3.0;
			};
			name = Release;
		};
/* End XCBuildConfiguration section */

/* Begin XCConfigurationList section */
		AA6E319D1DD472B200F8DEF2 /* Build configuration list for PBXProject "TestDemo" */ = {
			isa = XCConfigurationList;
			buildConfigurations = (
				AA6E31B21DD472B200F8DEF2 /* Debug */,
				AA6E31B31DD472B200F8DEF2 /* Release */,
			);
			defaultConfigurationIsVisible = 0;
			defaultConfigurationName = Release;
		};
		AA6E31B41DD472B200F8DEF2 /* Build configuration list for PBXNativeTarget "TestDemo" */ = {
			isa = XCConfigurationList;
			buildConfigurations = (
				AA6E31B51DD472B200F8DEF2 /* Debug */,
				AA6E31B61DD472B200F8DEF2 /* Release */,
			);
			defaultConfigurationIsVisible = 0;
			defaultConfigurationName = Release;
		};
/* End XCConfigurationList section */
	};
	rootObject = AA6E319A1DD472B200F8DEF2 /* Project object */;
}
